
Microsoft Visual Studio Solution File, Format Version 12.00
Project("{FAE04EC0-301F-11D3-BF4B-00C04F79EFBC}") = "UniqueIdentifierExperiment", "UniqueIdentifierExperiment\UniqueIdentifierExperiment.csproj", "{71216526-6955-4CF8-A45A-2BDEBEE71FE9}"
EndProject
Project("{FAE04EC0-301F-11D3-BF4B-00C04F79EFBC}") = "UniqueIdentifierExperiment.Tests", "UniqueIdentifierExperiment.Tests\UniqueIdentifierExperiment.Tests.csproj", "{547484EF-B02F-471E-97EE-815238D7AAE6}"
EndProject
Global
	GlobalSection(SolutionConfigurationPlatforms) = preSolution
		Debug|Any CPU = Debug|Any CPU
		Release|Any CPU = Release|Any CPU
	EndGlobalSection
	GlobalSection(ProjectConfigurationPlatforms) = postSolution
		{71216526-6955-4CF8-A45A-2BDEBEE71FE9}.Debug|Any CPU.ActiveCfg = Debug|Any CPU
		{71216526-6955-4CF8-A45A-2BDEBEE71FE9}.Debug|Any CPU.Build.0 = Debug|Any CPU
		{71216526-6955-4CF8-A45A-2BDEBEE71FE9}.Release|Any CPU.ActiveCfg = Release|Any CPU
		{71216526-6955-4CF8-A45A-2BDEBEE71FE9}.Release|Any CPU.Build.0 = Release|Any CPU
		{547484EF-B02F-471E-97EE-815238D7AAE6}.Debug|Any CPU.ActiveCfg = Debug|Any CPU
		{547484EF-B02F-471E-97EE-815238D7AAE6}.Debug|Any CPU.Build.0 = Debug|Any CPU
		{547484EF-B02F-471E-97EE-815238D7AAE6}.Release|Any CPU.ActiveCfg = Release|Any CPU
		{547484EF-B02F-471E-97EE-815238D7AAE6}.Release|Any CPU.Build.0 = Release|Any CPU
	EndGlobalSection
EndGlobal
